
Microsoft Visual Studio Solution File, Format Version 12.00
# Visual Studio Version 16
VisualStudioVersion = 16.0.29215.179
MinimumVisualStudioVersion = 10.0.40219.1
Project("{FAE04EC0-301F-11D3-BF4B-00C04F79EFBC}") = "BaseNet_arrays_cortezhy_strings", "BaseNet_arrays_cortezhy_strings.csproj", "{A427C191-4F4D-45A4-8D61-72CAA0AFAE64}"
EndProject
Global
	GlobalSection(SolutionConfigurationPlatforms) = preSolution
		Debug|Any CPU = Debug|Any CPU
		Release|Any CPU = Release|Any CPU
	EndGlobalSection
	GlobalSection(ProjectConfigurationPlatforms) = postSolution
		{A427C191-4F4D-45A4-8D61-72CAA0AFAE64}.Debug|Any CPU.ActiveCfg = Debug|Any CPU
		{A427C191-4F4D-45A4-8D61-72CAA0AFAE64}.Debug|Any CPU.Build.0 = Debug|Any CPU
		{A427C191-4F4D-45A4-8D61-72CAA0AFAE64}.Release|Any CPU.ActiveCfg = Release|Any CPU
		{A427C191-4F4D-45A4-8D61-72CAA0AFAE64}.Release|Any CPU.Build.0 = Release|Any CPU
	EndGlobalSection
	GlobalSection(SolutionProperties) = preSolution
		HideSolutionNode = FALSE
	EndGlobalSection
	GlobalSection(ExtensibilityGlobals) = postSolution
		SolutionGuid = {EB3C7737-3432-44A1-AE83-8220162FA926}
	EndGlobalSection
EndGlobal
